
Microsoft Visual Studio Solution File, Format Version 12.00
# Visual Studio Version 17
VisualStudioVersion = 17.9.34728.123
MinimumVisualStudioVersion = 10.0.40219.1
Project("{9A19103F-16F7-4668-BE54-9A1E7A4F7556}") = "AccaptFullyVersion.API", "AccaptFullyVersion.API\AccaptFullyVersion.API.csproj", "{D21685A9-7DC6-4BBB-876B-A4F030B1849E}"
EndProject
Project("{9A19103F-16F7-4668-BE54-9A1E7A4F7556}") = "AccaptFullyVersion.DataLayer", "AccaptFullyVersion.DataLayer\AccaptFullyVersion.DataLayer.csproj", "{3498E81E-F916-4D8D-B5AF-07EC782B95C7}"
EndProject
Project("{9A19103F-16F7-4668-BE54-9A1E7A4F7556}") = "AccaptFullyVersion.Core", "AccaptFullyVersion.Core\AccaptFullyVersion.Core.csproj", "{6FDCE842-30C8-46C9-A222-EF4FE82C8644}"
EndProject
Project("{FAE04EC0-301F-11D3-BF4B-00C04F79EFBC}") = "AccaptFullyVersion.Web", "AccaptFullyVersion.Web\AccaptFullyVersion.Web.csproj", "{1B930CEE-CA5D-4D76-958D-ACF59BC71B64}"
EndProject
Global
	GlobalSection(SolutionConfigurationPlatforms) = preSolution
		Debug|Any CPU = Debug|Any CPU
		Release|Any CPU = Release|Any CPU
	EndGlobalSection
	GlobalSection(ProjectConfigurationPlatforms) = postSolution
		{D21685A9-7DC6-4BBB-876B-A4F030B1849E}.Debug|Any CPU.ActiveCfg = Debug|Any CPU
		{D21685A9-7DC6-4BBB-876B-A4F030B1849E}.Debug|Any CPU.Build.0 = Debug|Any CPU
		{D21685A9-7DC6-4BBB-876B-A4F030B1849E}.Release|Any CPU.ActiveCfg = Release|Any CPU
		{D21685A9-7DC6-4BBB-876B-A4F030B1849E}.Release|Any CPU.Build.0 = Release|Any CPU
		{3498E81E-F916-4D8D-B5AF-07EC782B95C7}.Debug|Any CPU.ActiveCfg = Debug|Any CPU
		{3498E81E-F916-4D8D-B5AF-07EC782B95C7}.Debug|Any CPU.Build.0 = Debug|Any CPU
		{3498E81E-F916-4D8D-B5AF-07EC782B95C7}.Release|Any CPU.ActiveCfg = Release|Any CPU
		{3498E81E-F916-4D8D-B5AF-07EC782B95C7}.Release|Any CPU.Build.0 = Release|Any CPU
		{6FDCE842-30C8-46C9-A222-EF4FE82C8644}.Debug|Any CPU.ActiveCfg = Debug|Any CPU
		{6FDCE842-30C8-46C9-A222-EF4FE82C8644}.Debug|Any CPU.Build.0 = Debug|Any CPU
		{6FDCE842-30C8-46C9-A222-EF4FE82C8644}.Release|Any CPU.ActiveCfg = Release|Any CPU
		{6FDCE842-30C8-46C9-A222-EF4FE82C8644}.Release|Any CPU.Build.0 = Release|Any CPU
		{1B930CEE-CA5D-4D76-958D-ACF59BC71B64}.Debug|Any CPU.ActiveCfg = Debug|Any CPU
		{1B930CEE-CA5D-4D76-958D-ACF59BC71B64}.Debug|Any CPU.Build.0 = Debug|Any CPU
		{1B930CEE-CA5D-4D76-958D-ACF59BC71B64}.Release|Any CPU.ActiveCfg = Release|Any CPU
		{1B930CEE-CA5D-4D76-958D-ACF59BC71B64}.Release|Any CPU.Build.0 = Release|Any CPU
	EndGlobalSection
	GlobalSection(SolutionProperties) = preSolution
		HideSolutionNode = FALSE
	EndGlobalSection
	GlobalSection(ExtensibilityGlobals) = postSolution
		SolutionGuid = {BB57AE55-EDF6-40F7-A878-91F01E081C4D}
	EndGlobalSection
EndGlobal
